Microsoft Visual Studio Solution File, Format Version 12.00
# Visual Studio Version 17
VisualStudioVersion = 17.5.2.0
MinimumVisualStudioVersion = 10.0.40219.1
Project("{FAE04EC0-301F-11D3-BF4B-00C04F79EFBC}") = "MyanvieBE", "MyanvieBE.csproj", "{8E48675C-BA03-9386-52BD-FA8C9509A4AE}"
EndProject
Global
	GlobalSection(SolutionConfigurationPlatforms) = preSolution
		Debug|Any CPU = Debug|Any CPU
		Release|Any CPU = Release|Any CPU
	EndGlobalSection
	GlobalSection(ProjectConfigurationPlatforms) = postSolution
		{8E48675C-BA03-9386-52BD-FA8C9509A4AE}.Debug|Any CPU.ActiveCfg = Debug|Any CPU
		{8E48675C-BA03-9386-52BD-FA8C9509A4AE}.Debug|Any CPU.Build.0 = Debug|Any CPU
		{8E48675C-BA03-9386-52BD-FA8C9509A4AE}.Release|Any CPU.ActiveCfg = Release|Any CPU
		{8E48675C-BA03-9386-52BD-FA8C9509A4AE}.Release|Any CPU.Build.0 = Release|Any CPU
	EndGlobalSection
	GlobalSection(SolutionProperties) = preSolution
		HideSolutionNode = FALSE
	EndGlobalSection
	GlobalSection(ExtensibilityGlobals) = postSolution
		SolutionGuid = {1DA8D66A-D6B3-4AF8-A5F3-BBC0D5BDE92D}
	EndGlobalSection
EndGlobal
